
Microsoft Visual Studio Solution File, Format Version 12.00
# Visual Studio Version 17
VisualStudioVersion = 17.14.36127.28
MinimumVisualStudioVersion = 10.0.40219.1
Project("{FAE04EC0-301F-11D3-BF4B-00C04F79EFBC}") = "Saht", "Saht\Saht.csproj", "{0A700C23-453C-4D11-BB13-88E0F73F8F88}"
EndProject
Project("{FAE04EC0-301F-11D3-BF4B-00C04F79EFBC}") = "Saht.Domain", "Saht.Domain\Saht.Domain.csproj", "{7E9ADC7A-B38F-48E1-A8A1-2E2679BFE803}"
EndProject
Project("{FAE04EC0-301F-11D3-BF4B-00C04F79EFBC}") = "Saht.Application", "Saht.Application\Saht.Application.csproj", "{22D85890-837A-4CAE-B3F6-622FF9000F20}"
EndProject
Project("{FAE04EC0-301F-11D3-BF4B-00C04F79EFBC}") = "Saht.Infrastructure", "Saht.Infrastructure\Saht.Infrastructure.csproj", "{AE25A801-B280-4B58-B070-54184EBD328E}"
EndProject
Project("{FAE04EC0-301F-11D3-BF4B-00C04F79EFBC}") = "Saht.Api", "Saht.Api\Saht.Api.csproj", "{9A9BE41E-E642-461F-94CE-3B59C76296AD}"
EndProject
Global
	GlobalSection(SolutionConfigurationPlatforms) = preSolution
		Debug|Any CPU = Debug|Any CPU
		Release|Any CPU = Release|Any CPU
	EndGlobalSection
	GlobalSection(ProjectConfigurationPlatforms) = postSolution
		{0A700C23-453C-4D11-BB13-88E0F73F8F88}.Debug|Any CPU.ActiveCfg = Debug|Any CPU
		{0A700C23-453C-4D11-BB13-88E0F73F8F88}.Debug|Any CPU.Build.0 = Debug|Any CPU
		{0A700C23-453C-4D11-BB13-88E0F73F8F88}.Release|Any CPU.ActiveCfg = Release|Any CPU
		{0A700C23-453C-4D11-BB13-88E0F73F8F88}.Release|Any CPU.Build.0 = Release|Any CPU
		{7E9ADC7A-B38F-48E1-A8A1-2E2679BFE803}.Debug|Any CPU.ActiveCfg = Debug|Any CPU
		{7E9ADC7A-B38F-48E1-A8A1-2E2679BFE803}.Debug|Any CPU.Build.0 = Debug|Any CPU
		{7E9ADC7A-B38F-48E1-A8A1-2E2679BFE803}.Release|Any CPU.ActiveCfg = Release|Any CPU
		{7E9ADC7A-B38F-48E1-A8A1-2E2679BFE803}.Release|Any CPU.Build.0 = Release|Any CPU
		{22D85890-837A-4CAE-B3F6-622FF9000F20}.Debug|Any CPU.ActiveCfg = Debug|Any CPU
		{22D85890-837A-4CAE-B3F6-622FF9000F20}.Debug|Any CPU.Build.0 = Debug|Any CPU
		{22D85890-837A-4CAE-B3F6-622FF9000F20}.Release|Any CPU.ActiveCfg = Release|Any CPU
		{22D85890-837A-4CAE-B3F6-622FF9000F20}.Release|Any CPU.Build.0 = Release|Any CPU
		{AE25A801-B280-4B58-B070-54184EBD328E}.Debug|Any CPU.ActiveCfg = Debug|Any CPU
		{AE25A801-B280-4B58-B070-54184EBD328E}.Debug|Any CPU.Build.0 = Debug|Any CPU
		{AE25A801-B280-4B58-B070-54184EBD328E}.Release|Any CPU.ActiveCfg = Release|Any CPU
		{AE25A801-B280-4B58-B070-54184EBD328E}.Release|Any CPU.Build.0 = Release|Any CPU
		{9A9BE41E-E642-461F-94CE-3B59C76296AD}.Debug|Any CPU.ActiveCfg = Debug|Any CPU
		{9A9BE41E-E642-461F-94CE-3B59C76296AD}.Debug|Any CPU.Build.0 = Debug|Any CPU
		{9A9BE41E-E642-461F-94CE-3B59C76296AD}.Release|Any CPU.ActiveCfg = Release|Any CPU
		{9A9BE41E-E642-461F-94CE-3B59C76296AD}.Release|Any CPU.Build.0 = Release|Any CPU
	EndGlobalSection
	GlobalSection(SolutionProperties) = preSolution
		HideSolutionNode = FALSE
	EndGlobalSection
	GlobalSection(ExtensibilityGlobals) = postSolution
		SolutionGuid = {DFE714A7-9384-4609-9D91-C8223034BDEA}
	EndGlobalSection
EndGlobal
